// !$*UTF8*$!
{
	archiveVersion = 1;
	classes = {
	};
	objectVersion = 50;
	objects = {

/* Begin PBXBuildFile section */
		8305207024B3C48100256516 /* SF-Pro-Rounded-Black.otf in Resources */ = {isa = PBXBuildFile; fileRef = 8391DDA824B385DC0082A4AA /* SF-Pro-Rounded-Black.otf */; };
		8305207124B3C48100256516 /* SF-Pro-Rounded-Bold.otf in Resources */ = {isa = PBXBuildFile; fileRef = 8391DDAC24B385DC0082A4AA /* SF-Pro-Rounded-Bold.otf */; };
		8305207224B3C48100256516 /* SF-Pro-Rounded-Heavy.otf in Resources */ = {isa = PBXBuildFile; fileRef = 8391DDAF24B385DD0082A4AA /* SF-Pro-Rounded-Heavy.otf */; };
		8305207324B3C48100256516 /* SF-Pro-Rounded-Light.otf in Resources */ = {isa = PBXBuildFile; fileRef = 8391DDAA24B385DC0082A4AA /* SF-Pro-Rounded-Light.otf */; };
		8305207424B3C48100256516 /* SF-Pro-Rounded-Medium.otf in Resources */ = {isa = PBXBuildFile; fileRef = 8391DDAB24B385DC0082A4AA /* SF-Pro-Rounded-Medium.otf */; };
		8305207524B3C48100256516 /* SF-Pro-Rounded-Regular.otf in Resources */ = {isa = PBXBuildFile; fileRef = 8391DDA724B385DB0082A4AA /* SF-Pro-Rounded-Regular.otf */; };
		8305207624B3C48100256516 /* SF-Pro-Rounded-Semibold.otf in Resources */ = {isa = PBXBuildFile; fileRef = 8391DDAE24B385DD0082A4AA /* SF-Pro-Rounded-Semibold.otf */; };
		8305207724B3C48100256516 /* SF-Pro-Rounded-Thin.otf in Resources */ = {isa = PBXBuildFile; fileRef = 8391DDA924B385DC0082A4AA /* SF-Pro-Rounded-Thin.otf */; };
		8305207824B3C48100256516 /* SF-Pro-Rounded-Ultralight.otf in Resources */ = {isa = PBXBuildFile; fileRef = 8391DDAD24B385DD0082A4AA /* SF-Pro-Rounded-Ultralight.otf */; };
		833195A224BCB05A00F02010 /* Colors.swift in Sources */ = {isa = PBXBuildFile; fileRef = 833195A124BCB05A00F02010 /* Colors.swift */; };
		8391DD7124B376320082A4AA /* AppDelegate.swift in Sources */ = {isa = PBXBuildFile; fileRef = 8391DD7024B376320082A4AA /* AppDelegate.swift */; };
		8391DD7324B376320082A4AA /* SceneDelegate.swift in Sources */ = {isa = PBXBuildFile; fileRef = 8391DD7224B376320082A4AA /* SceneDelegate.swift */; };
		8391DD7524B376320082A4AA /* BoardViewController.swift in Sources */ = {isa = PBXBuildFile; fileRef = 8391DD7424B376320082A4AA /* BoardViewController.swift */; };
		8391DD7824B376320082A4AA /* Main.storyboard in Resources */ = {isa = PBXBuildFile; fileRef = 8391DD7624B376320082A4AA /* Main.storyboard */; };
		8391DD7A24B376330082A4AA /* Assets.xcassets in Resources */ = {isa = PBXBuildFile; fileRef = 8391DD7924B376330082A4AA /* Assets.xcassets */; };
		8391DD7D24B376330082A4AA /* LaunchScreen.storyboard in Resources */ = {isa = PBXBuildFile; fileRef = 8391DD7B24B376330082A4AA /* LaunchScreen.storyboard */; };
		8391DD8824B376330082A4AA /* Blending_BoardTests.swift in Sources */ = {isa = PBXBuildFile; fileRef = 8391DD8724B376330082A4AA /* Blending_BoardTests.swift */; };
		8391DD9324B376330082A4AA /* Blending_BoardUITests.swift in Sources */ = {isa = PBXBuildFile; fileRef = 8391DD9224B376330082A4AA /* Blending_BoardUITests.swift */; };
		8391DDA324B383900082A4AA /* Letter Set.swift in Sources */ = {isa = PBXBuildFile; fileRef = 8391DDA224B383900082A4AA /* Letter Set.swift */; };
		8391DDA524B383C10082A4AA /* Letter Pack.swift in Sources */ = {isa = PBXBuildFile; fileRef = 8391DDA424B383C10082A4AA /* Letter Pack.swift */; };
		83B8007F24B3CD5B0082F71C /* LetterCard.swift in Sources */ = {isa = PBXBuildFile; fileRef = 83B8007E24B3CD5B0082F71C /* LetterCard.swift */; };
		83B8008124B3D28D0082F71C /* Colors.xcassets in Resources */ = {isa = PBXBuildFile; fileRef = 83B8008024B3D28D0082F71C /* Colors.xcassets */; };
/* End PBXBuildFile section */

/* Begin PBXContainerItemProxy section */
		8391DD8424B376330082A4AA /* PBXContainerItemProxy */ = {
			isa = PBXContainerItemProxy;
			containerPortal = 8391DD6524B376320082A4AA /* Project object */;
			proxyType = 1;
			remoteGlobalIDString = 8391DD6C24B376320082A4AA;
			remoteInfo = "Blending Board";
		};
		8391DD8F24B376330082A4AA /* PBXContainerItemProxy */ = {
			isa = PBXContainerItemProxy;
			containerPortal = 8391DD6524B376320082A4AA /* Project object */;
			proxyType = 1;
			remoteGlobalIDString = 8391DD6C24B376320082A4AA;
			remoteInfo = "Blending Board";
		};
/* End PBXContainerItemProxy section */

/* Begin PBXFileReference section */
		833195A124BCB05A00F02010 /* Colors.swift */ = {isa = PBXFileReference; lastKnownFileType = sourcecode.swift; path = Colors.swift; sourceTree = "<group>"; };
		8391DD6D24B376320082A4AA /* Blending Board.app */ = {isa = PBXFileReference; explicitFileType = wrapper.application; includeInIndex = 0; path = "Blending Board.app"; sourceTree = BUILT_PRODUCTS_DIR; };
		8391DD7024B376320082A4AA /* AppDelegate.swift */ = {isa = PBXFileReference; lastKnownFileType = sourcecode.swift; path = AppDelegate.swift; sourceTree = "<group>"; };
		8391DD7224B376320082A4AA /* SceneDelegate.swift */ = {isa = PBXFileReference; lastKnownFileType = sourcecode.swift; path = SceneDelegate.swift; sourceTree = "<group>"; };
		8391DD7424B376320082A4AA /* BoardViewController.swift */ = {isa = PBXFileReference; lastKnownFileType = sourcecode.swift; path = BoardViewController.swift; sourceTree = "<group>"; };
		8391DD7724B376320082A4AA /* Base */ = {isa = PBXFileReference; lastKnownFileType = file.storyboard; name = Base; path = Base.lproj/Main.storyboard; sourceTree = "<group>"; };
		8391DD7924B376330082A4AA /* Assets.xcassets */ = {isa = PBXFileReference; lastKnownFileType = folder.assetcatalog; path = Assets.xcassets; sourceTree = "<group>"; };
		8391DD7C24B376330082A4AA /* Base */ = {isa = PBXFileReference; lastKnownFileType = file.storyboard; name = Base; path = Base.lproj/LaunchScreen.storyboard; sourceTree = "<group>"; };
		8391DD7E24B376330082A4AA /* Info.plist */ = {isa = PBXFileReference; lastKnownFileType = text.plist.xml; path = Info.plist; sourceTree = "<group>"; };
		8391DD8324B376330082A4AA /* Blending BoardTests.xctest */ = {isa = PBXFileReference; explicitFileType = wrapper.cfbundle; includeInIndex = 0; path = "Blending BoardTests.xctest"; sourceTree = BUILT_PRODUCTS_DIR; };
		8391DD8724B376330082A4AA /* Blending_BoardTests.swift */ = {isa = PBXFileReference; lastKnownFileType = sourcecode.swift; path = Blending_BoardTests.swift; sourceTree = "<group>"; };
		8391DD8924B376330082A4AA /* Info.plist */ = {isa = PBXFileReference; lastKnownFileType = text.plist.xml; path = Info.plist; sourceTree = "<group>"; };
		8391DD8E24B376330082A4AA /* Blending BoardUITests.xctest */ = {isa = PBXFileReference; explicitFileType = wrapper.cfbundle; includeInIndex = 0; path = "Blending BoardUITests.xctest"; sourceTree = BUILT_PRODUCTS_DIR; };
		8391DD9224B376330082A4AA /* Blending_BoardUITests.swift */ = {isa = PBXFileReference; lastKnownFileType = sourcecode.swift; path = Blending_BoardUITests.swift; sourceTree = "<group>"; };
		8391DD9424B376330082A4AA /* Info.plist */ = {isa = PBXFileReference; lastKnownFileType = text.plist.xml; path = Info.plist; sourceTree = "<group>"; };
		8391DDA024B378A60082A4AA /* Blending Board.entitlements */ = {isa = PBXFileReference; lastKnownFileType = text.plist.entitlements; path = "Blending Board.entitlements"; sourceTree = "<group>"; };
		8391DDA224B383900082A4AA /* Letter Set.swift */ = {isa = PBXFileReference; lastKnownFileType = sourcecode.swift; path = "Letter Set.swift"; sourceTree = "<group>"; };
		8391DDA424B383C10082A4AA /* Letter Pack.swift */ = {isa = PBXFileReference; lastKnownFileType = sourcecode.swift; path = "Letter Pack.swift"; sourceTree = "<group>"; };
		8391DDA724B385DB0082A4AA /* SF-Pro-Rounded-Regular.otf */ = {isa = PBXFileReference; lastKnownFileType = file; path = "SF-Pro-Rounded-Regular.otf"; sourceTree = "<group>"; };
		8391DDA824B385DC0082A4AA /* SF-Pro-Rounded-Black.otf */ = {isa = PBXFileReference; lastKnownFileType = file; path = "SF-Pro-Rounded-Black.otf"; sourceTree = "<group>"; };
		8391DDA924B385DC0082A4AA /* SF-Pro-Rounded-Thin.otf */ = {isa = PBXFileReference; lastKnownFileType = file; path = "SF-Pro-Rounded-Thin.otf"; sourceTree = "<group>"; };
		8391DDAA24B385DC0082A4AA /* SF-Pro-Rounded-Light.otf */ = {isa = PBXFileReference; lastKnownFileType = file; path = "SF-Pro-Rounded-Light.otf"; sourceTree = "<group>"; };
		8391DDAB24B385DC0082A4AA /* SF-Pro-Rounded-Medium.otf */ = {isa = PBXFileReference; lastKnownFileType = file; path = "SF-Pro-Rounded-Medium.otf"; sourceTree = "<group>"; };
		8391DDAC24B385DC0082A4AA /* SF-Pro-Rounded-Bold.otf */ = {isa = PBXFileReference; lastKnownFileType = file; path = "SF-Pro-Rounded-Bold.otf"; sourceTree = "<group>"; };
		8391DDAD24B385DD0082A4AA /* SF-Pro-Rounded-Ultralight.otf */ = {isa = PBXFileReference; lastKnownFileType = file; path = "SF-Pro-Rounded-Ultralight.otf"; sourceTree = "<group>"; };
		8391DDAE24B385DD0082A4AA /* SF-Pro-Rounded-Semibold.otf */ = {isa = PBXFileReference; lastKnownFileType = file; path = "SF-Pro-Rounded-Semibold.otf"; sourceTree = "<group>"; };
		8391DDAF24B385DD0082A4AA /* SF-Pro-Rounded-Heavy.otf */ = {isa = PBXFileReference; lastKnownFileType = file; path = "SF-Pro-Rounded-Heavy.otf"; sourceTree = "<group>"; };
		83B8007E24B3CD5B0082F71C /* LetterCard.swift */ = {isa = PBXFileReference; lastKnownFileType = sourcecode.swift; path = LetterCard.swift; sourceTree = "<group>"; };
		83B8008024B3D28D0082F71C /* Colors.xcassets */ = {isa = PBXFileReference; lastKnownFileType = folder.assetcatalog; path = Colors.xcassets; sourceTree = "<group>"; };
/* End PBXFileReference section */

/* Begin PBXFrameworksBuildPhase section */
		8391DD6A24B376320082A4AA /* Frameworks */ = {
			isa = PBXFrameworksBuildPhase;
			buildActionMask = 2147483647;
			files = (
			);
			runOnlyForDeploymentPostprocessing = 0;
		};
		8391DD8024B376330082A4AA /* Frameworks */ = {
			isa = PBXFrameworksBuildPhase;
			buildActionMask = 2147483647;
			files = (
			);
			runOnlyForDeploymentPostprocessing = 0;
		};
		8391DD8B24B376330082A4AA /* Frameworks */ = {
			isa = PBXFrameworksBuildPhase;
			buildActionMask = 2147483647;
			files = (
			);
			runOnlyForDeploymentPostprocessing = 0;
		};
/* End PBXFrameworksBuildPhase section */

/* Begin PBXGroup section */
		833195A024BCB04B00F02010 /* Design */ = {
			isa = PBXGroup;
			children = (
				833195A124BCB05A00F02010 /* Colors.swift */,
			);
			path = Design;
			sourceTree = "<group>";
		};
		8391DD6424B376320082A4AA = {
			isa = PBXGroup;
			children = (
				8391DD6F24B376320082A4AA /* Blending Board */,
				8391DD8624B376330082A4AA /* Blending BoardTests */,
				8391DD9124B376330082A4AA /* Blending BoardUITests */,
				8391DD6E24B376320082A4AA /* Products */,
			);
			sourceTree = "<group>";
		};
		8391DD6E24B376320082A4AA /* Products */ = {
			isa = PBXGroup;
			children = (
				8391DD6D24B376320082A4AA /* Blending Board.app */,
				8391DD8324B376330082A4AA /* Blending BoardTests.xctest */,
				8391DD8E24B376330082A4AA /* Blending BoardUITests.xctest */,
			);
			name = Products;
			sourceTree = "<group>";
		};
		8391DD6F24B376320082A4AA /* Blending Board */ = {
			isa = PBXGroup;
			children = (
				8391DDA024B378A60082A4AA /* Blending Board.entitlements */,
				8391DD7024B376320082A4AA /* AppDelegate.swift */,
				8391DD7224B376320082A4AA /* SceneDelegate.swift */,
				8391DD7424B376320082A4AA /* BoardViewController.swift */,
				83B8007E24B3CD5B0082F71C /* LetterCard.swift */,
				8391DDA624B385C80082A4AA /* Fonts */,
				8391DDA124B383830082A4AA /* Model */,
				833195A024BCB04B00F02010 /* Design */,
				8391DD7624B376320082A4AA /* Main.storyboard */,
				8391DD7924B376330082A4AA /* Assets.xcassets */,
				83B8008024B3D28D0082F71C /* Colors.xcassets */,
				8391DD7B24B376330082A4AA /* LaunchScreen.storyboard */,
				8391DD7E24B376330082A4AA /* Info.plist */,
			);
			path = "Blending Board";
			sourceTree = "<group>";
		};
		8391DD8624B376330082A4AA /* Blending BoardTests */ = {
			isa = PBXGroup;
			children = (
				8391DD8724B376330082A4AA /* Blending_BoardTests.swift */,
				8391DD8924B376330082A4AA /* Info.plist */,
			);
			path = "Blending BoardTests";
			sourceTree = "<group>";
		};
		8391DD9124B376330082A4AA /* Blending BoardUITests */ = {
			isa = PBXGroup;
			children = (
				8391DD9224B376330082A4AA /* Blending_BoardUITests.swift */,
				8391DD9424B376330082A4AA /* Info.plist */,
			);
			path = "Blending BoardUITests";
			sourceTree = "<group>";
		};
		8391DDA124B383830082A4AA /* Model */ = {
			isa = PBXGroup;
			children = (
				8391DDA224B383900082A4AA /* Letter Set.swift */,
				8391DDA424B383C10082A4AA /* Letter Pack.swift */,
			);
			path = Model;
			sourceTree = "<group>";
		};
		8391DDA624B385C80082A4AA /* Fonts */ = {
			isa = PBXGroup;
			children = (
				8391DDA824B385DC0082A4AA /* SF-Pro-Rounded-Black.otf */,
				8391DDAC24B385DC0082A4AA /* SF-Pro-Rounded-Bold.otf */,
				8391DDAF24B385DD0082A4AA /* SF-Pro-Rounded-Heavy.otf */,
				8391DDAA24B385DC0082A4AA /* SF-Pro-Rounded-Light.otf */,
				8391DDAB24B385DC0082A4AA /* SF-Pro-Rounded-Medium.otf */,
				8391DDA724B385DB0082A4AA /* SF-Pro-Rounded-Regular.otf */,
				8391DDAE24B385DD0082A4AA /* SF-Pro-Rounded-Semibold.otf */,
				8391DDA924B385DC0082A4AA /* SF-Pro-Rounded-Thin.otf */,
				8391DDAD24B385DD0082A4AA /* SF-Pro-Rounded-Ultralight.otf */,
			);
			path = Fonts;
			sourceTree = "<group>";
		};
/* End PBXGroup section */

/* Begin PBXNativeTarget section */
		8391DD6C24B376320082A4AA /* Blending Board */ = {
			isa = PBXNativeTarget;
			buildConfigurationList = 8391DD9724B376330082A4AA /* Build configuration list for PBXNativeTarget "Blending Board" */;
			buildPhases = (
				8391DD6924B376320082A4AA /* Sources */,
				8391DD6A24B376320082A4AA /* Frameworks */,
				8391DD6B24B376320082A4AA /* Resources */,
			);
			buildRules = (
			);
			dependencies = (
			);
			name = "Blending Board";
			productName = "Blending Board";
			productReference = 8391DD6D24B376320082A4AA /* Blending Board.app */;
			productType = "com.apple.product-type.application";
		};
		8391DD8224B376330082A4AA /* Blending BoardTests */ = {
			isa = PBXNativeTarget;
			buildConfigurationList = 8391DD9A24B376330082A4AA /* Build configuration list for PBXNativeTarget "Blending BoardTests" */;
			buildPhases = (
				8391DD7F24B376330082A4AA /* Sources */,
				8391DD8024B376330082A4AA /* Frameworks */,
				8391DD8124B376330082A4AA /* Resources */,
			);
			buildRules = (
			);
			dependencies = (
				8391DD8524B376330082A4AA /* PBXTargetDependency */,
			);
			name = "Blending BoardTests";
			productName = "Blending BoardTests";
			productReference = 8391DD8324B376330082A4AA /* Blending BoardTests.xctest */;
			productType = "com.apple.product-type.bundle.unit-test";
		};
		8391DD8D24B376330082A4AA /* Blending BoardUITests */ = {
			isa = PBXNativeTarget;
			buildConfigurationList = 8391DD9D24B376330082A4AA /* Build configuration list for PBXNativeTarget "Blending BoardUITests" */;
			buildPhases = (
				8391DD8A24B376330082A4AA /* Sources */,
				8391DD8B24B376330082A4AA /* Frameworks */,
				8391DD8C24B376330082A4AA /* Resources */,
			);
			buildRules = (
			);
			dependencies = (
				8391DD9024B376330082A4AA /* PBXTargetDependency */,
			);
			name = "Blending BoardUITests";
			productName = "Blending BoardUITests";
			productReference = 8391DD8E24B376330082A4AA /* Blending BoardUITests.xctest */;
			productType = "com.apple.product-type.bundle.ui-testing";
		};
/* End PBXNativeTarget section */

/* Begin PBXProject section */
		8391DD6524B376320082A4AA /* Project object */ = {
			isa = PBXProject;
			attributes = {
				LastSwiftUpdateCheck = 1200;
				LastUpgradeCheck = 1200;
				TargetAttributes = {
					8391DD6C24B376320082A4AA = {
						CreatedOnToolsVersion = 12.0;
					};
					8391DD8224B376330082A4AA = {
						CreatedOnToolsVersion = 12.0;
						TestTargetID = 8391DD6C24B376320082A4AA;
					};
					8391DD8D24B376330082A4AA = {
						CreatedOnToolsVersion = 12.0;
						TestTargetID = 8391DD6C24B376320082A4AA;
					};
				};
			};
			buildConfigurationList = 8391DD6824B376320082A4AA /* Build configuration list for PBXProject "Blending Board" */;
			compatibilityVersion = "Xcode 9.3";
			developmentRegion = en;
			hasScannedForEncodings = 0;
			knownRegions = (
				en,
				Base,
			);
			mainGroup = 8391DD6424B376320082A4AA;
			productRefGroup = 8391DD6E24B376320082A4AA /* Products */;
			projectDirPath = "";
			projectRoot = "";
			targets = (
				8391DD6C24B376320082A4AA /* Blending Board */,
				8391DD8224B376330082A4AA /* Blending BoardTests */,
				8391DD8D24B376330082A4AA /* Blending BoardUITests */,
			);
		};
/* End PBXProject section */

/* Begin PBXResourcesBuildPhase section */
		8391DD6B24B376320082A4AA /* Resources */ = {
			isa = PBXResourcesBuildPhase;
			buildActionMask = 2147483647;
			files = (
				8305207024B3C48100256516 /* SF-Pro-Rounded-Black.otf in Resources */,
				8305207124B3C48100256516 /* SF-Pro-Rounded-Bold.otf in Resources */,
				83B8008124B3D28D0082F71C /* Colors.xcassets in Resources */,
				8305207224B3C48100256516 /* SF-Pro-Rounded-Heavy.otf in Resources */,
				8305207324B3C48100256516 /* SF-Pro-Rounded-Light.otf in Resources */,
				8305207424B3C48100256516 /* SF-Pro-Rounded-Medium.otf in Resources */,
				8305207524B3C48100256516 /* SF-Pro-Rounded-Regular.otf in Resources */,
				8305207624B3C48100256516 /* SF-Pro-Rounded-Semibold.otf in Resources */,
				8305207724B3C48100256516 /* SF-Pro-Rounded-Thin.otf in Resources */,
				8305207824B3C48100256516 /* SF-Pro-Rounded-Ultralight.otf in Resources */,
				8391DD7D24B376330082A4AA /* LaunchScreen.storyboard in Resources */,
				8391DD7A24B376330082A4AA /* Assets.xcassets in Resources */,
				8391DD7824B376320082A4AA /* Main.storyboard in Resources */,
			);
			runOnlyForDeploymentPostprocessing = 0;
		};
		8391DD8124B376330082A4AA /* Resources */ = {
			isa = PBXResourcesBuildPhase;
			buildActionMask = 2147483647;
			files = (
			);
			runOnlyForDeploymentPostprocessing = 0;
		};
		8391DD8C24B376330082A4AA /* Resources */ = {
			isa = PBXResourcesBuildPhase;
			buildActionMask = 2147483647;
			files = (
			);
			runOnlyForDeploymentPostprocessing = 0;
		};
/* End PBXResourcesBuildPhase section */

/* Begin PBXSourcesBuildPhase section */
		8391DD6924B376320082A4AA /* Sources */ = {
			isa = PBXSourcesBuildPhase;
			buildActionMask = 2147483647;
			files = (
				8391DD7524B376320082A4AA /* BoardViewController.swift in Sources */,
				8391DD7124B376320082A4AA /* AppDelegate.swift in Sources */,
				8391DD7324B376320082A4AA /* SceneDelegate.swift in Sources */,
				833195A224BCB05A00F02010 /* Colors.swift in Sources */,
				83B8007F24B3CD5B0082F71C /* LetterCard.swift in Sources */,
				8391DDA324B383900082A4AA /* Letter Set.swift in Sources */,
				8391DDA524B383C10082A4AA /* Letter Pack.swift in Sources */,
			);
			runOnlyForDeploymentPostprocessing = 0;
		};
		8391DD7F24B376330082A4AA /* Sources */ = {
			isa = PBXSourcesBuildPhase;
			buildActionMask = 2147483647;
			files = (
				8391DD8824B376330082A4AA /* Blending_BoardTests.swift in Sources */,
			);
			runOnlyForDeploymentPostprocessing = 0;
		};
		8391DD8A24B376330082A4AA /* Sources */ = {
			isa = PBXSourcesBuildPhase;
			buildActionMask = 2147483647;
			files = (
				8391DD9324B376330082A4AA /* Blending_BoardUITests.swift in Sources */,
			);
			runOnlyForDeploymentPostprocessing = 0;
		};
/* End PBXSourcesBuildPhase section */

/* Begin PBXTargetDependency section */
		8391DD8524B376330082A4AA /* PBXTargetDependency */ = {
			isa = PBXTargetDependency;
			target = 8391DD6C24B376320082A4AA /* Blending Board */;
			targetProxy = 8391DD8424B376330082A4AA /* PBXContainerItemProxy */;
		};
		8391DD9024B376330082A4AA /* PBXTargetDependency */ = {
			isa = PBXTargetDependency;
			target = 8391DD6C24B376320082A4AA /* Blending Board */;
			targetProxy = 8391DD8F24B376330082A4AA /* PBXContainerItemProxy */;
		};
/* End PBXTargetDependency section */

/* Begin PBXVariantGroup section */
		8391DD7624B376320082A4AA /* Main.storyboard */ = {
			isa = PBXVariantGroup;
			children = (
				8391DD7724B376320082A4AA /* Base */,
			);
			name = Main.storyboard;
			sourceTree = "<group>";
		};
		8391DD7B24B376330082A4AA /* LaunchScreen.storyboard */ = {
			isa = PBXVariantGroup;
			children = (
				8391DD7C24B376330082A4AA /* Base */,
			);
			name = LaunchScreen.storyboard;
			sourceTree = "<group>";
		};
/* End PBXVariantGroup section */

/* Begin XCBuildConfiguration section */
		8391DD9524B376330082A4AA /* Debug */ = {
			isa = XCBuildConfiguration;
			buildSettings = {
				ALWAYS_SEARCH_USER_PATHS = NO;
				CLANG_ANALYZER_NONNULL = YES;
				CLANG_ANALYZER_NUMBER_OBJECT_CONVERSION = YES_AGGRESSIVE;
				CLANG_CXX_LANGUAGE_STANDARD = "gnu++14";
				CLANG_CXX_LIBRARY = "libc++";
				CLANG_ENABLE_MODULES = YES;
				CLANG_ENABLE_OBJC_ARC = YES;
				CLANG_ENABLE_OBJC_WEAK = YES;
				CLANG_WARN_BLOCK_CAPTURE_AUTORELEASING = YES;
				CLANG_WARN_BOOL_CONVERSION = YES;
				CLANG_WARN_COMMA = YES;
				CLANG_WARN_CONSTANT_CONVERSION = YES;
				CLANG_WARN_DEPRECATED_OBJC_IMPLEMENTATIONS = YES;
				CLANG_WARN_DIRECT_OBJC_ISA_USAGE = YES_ERROR;
				CLANG_WARN_DOCUMENTATION_COMMENTS = YES;
				CLANG_WARN_EMPTY_BODY = YES;
				CLANG_WARN_ENUM_CONVERSION = YES;
				CLANG_WARN_INFINITE_RECURSION = YES;
				CLANG_WARN_INT_CONVERSION = YES;
				CLANG_WARN_NON_LITERAL_NULL_CONVERSION = YES;
				CLANG_WARN_OBJC_IMPLICIT_RETAIN_SELF = YES;
				CLANG_WARN_OBJC_LITERAL_CONVERSION = YES;
				CLANG_WARN_OBJC_ROOT_CLASS = YES_ERROR;
				CLANG_WARN_QUOTED_INCLUDE_IN_FRAMEWORK_HEADER = YES;
				CLANG_WARN_RANGE_LOOP_ANALYSIS = YES;
				CLANG_WARN_STRICT_PROTOTYPES = YES;
				CLANG_WARN_SUSPICIOUS_MOVE = YES;
				CLANG_WARN_UNGUARDED_AVAILABILITY = YES_AGGRESSIVE;
				CLANG_WARN_UNREACHABLE_CODE = YES;
				CLANG_WARN__DUPLICATE_METHOD_MATCH = YES;
				COPY_PHASE_STRIP = NO;
				DEBUG_INFORMATION_FORMAT = dwarf;
				ENABLE_STRICT_OBJC_MSGSEND = YES;
				ENABLE_TESTABILITY = YES;
				GCC_C_LANGUAGE_STANDARD = gnu11;
				GCC_DYNAMIC_NO_PIC = NO;
				GCC_NO_COMMON_BLOCKS = YES;
				GCC_OPTIMIZATION_LEVEL = 0;
				GCC_PREPROCESSOR_DEFINITIONS = (
					"DEBUG=1",
					"$(inherited)",
				);
				GCC_WARN_64_TO_32_BIT_CONVERSION = YES;
				GCC_WARN_ABOUT_RETURN_TYPE = YES_ERROR;
				GCC_WARN_UNDECLARED_SELECTOR = YES;
				GCC_WARN_UNINITIALIZED_AUTOS = YES_AGGRESSIVE;
				GCC_WARN_UNUSED_FUNCTION = YES;
				GCC_WARN_UNUSED_VARIABLE = YES;
				IPHONEOS_DEPLOYMENT_TARGET = 14.0;
				MTL_ENABLE_DEBUG_INFO = INCLUDE_SOURCE;
				MTL_FAST_MATH = YES;
				ONLY_ACTIVE_ARCH = YES;
				SDKROOT = iphoneos;
				SWIFT_ACTIVE_COMPILATION_CONDITIONS = DEBUG;
				SWIFT_OPTIMIZATION_LEVEL = "-Onone";
			};
			name = Debug;
		};
		8391DD9624B376330082A4AA /* Release */ = {
			isa = XCBuildConfiguration;
			buildSettings = {
				ALWAYS_SEARCH_USER_PATHS = NO;
				CLANG_ANALYZER_NONNULL = YES;
				CLANG_ANALYZER_NUMBER_OBJECT_CONVERSION = YES_AGGRESSIVE;
				CLANG_CXX_LANGUAGE_STANDARD = "gnu++14";
				CLANG_CXX_LIBRARY = "libc++";
				CLANG_ENABLE_MODULES = YES;
				CLANG_ENABLE_OBJC_ARC = YES;
				CLANG_ENABLE_OBJC_WEAK = YES;
				CLANG_WARN_BLOCK_CAPTURE_AUTORELEASING = YES;
				CLANG_WARN_BOOL_CONVERSION = YES;
				CLANG_WARN_COMMA = YES;
				CLANG_WARN_CONSTANT_CONVERSION = YES;
				CLANG_WARN_DEPRECATED_OBJC_IMPLEMENTATIONS = YES;
				CLANG_WARN_DIRECT_OBJC_ISA_USAGE = YES_ERROR;
				CLANG_WARN_DOCUMENTATION_COMMENTS = YES;
				CLANG_WARN_EMPTY_BODY = YES;
				CLANG_WARN_ENUM_CONVERSION = YES;
				CLANG_WARN_INFINITE_RECURSION = YES;
				CLANG_WARN_INT_CONVERSION = YES;
				CLANG_WARN_NON_LITERAL_NULL_CONVERSION = YES;
				CLANG_WARN_OBJC_IMPLICIT_RETAIN_SELF = YES;
				CLANG_WARN_OBJC_LITERAL_CONVERSION = YES;
				CLANG_WARN_OBJC_ROOT_CLASS = YES_ERROR;
				CLANG_WARN_QUOTED_INCLUDE_IN_FRAMEWORK_HEADER = YES;
				CLANG_WARN_RANGE_LOOP_ANALYSIS = YES;
				CLANG_WARN_STRICT_PROTOTYPES = YES;
				CLANG_WARN_SUSPICIOUS_MOVE = YES;
				CLANG_WARN_UNGUARDED_AVAILABILITY = YES_AGGRESSIVE;
				CLANG_WARN_UNREACHABLE_CODE = YES;
				CLANG_WARN__DUPLICATE_METHOD_MATCH = YES;
				COPY_PHASE_STRIP = NO;
				DEBUG_INFORMATION_FORMAT = "dwarf-with-dsym";
				ENABLE_NS_ASSERTIONS = NO;
				ENABLE_STRICT_OBJC_MSGSEND = YES;
				GCC_C_LANGUAGE_STANDARD = gnu11;
				GCC_NO_COMMON_BLOCKS = YES;
				GCC_WARN_64_TO_32_BIT_CONVERSION = YES;
				GCC_WARN_ABOUT_RETURN_TYPE = YES_ERROR;
				GCC_WARN_UNDECLARED_SELECTOR = YES;
				GCC_WARN_UNINITIALIZED_AUTOS = YES_AGGRESSIVE;
				GCC_WARN_UNUSED_FUNCTION = YES;
				GCC_WARN_UNUSED_VARIABLE = YES;
				IPHONEOS_DEPLOYMENT_TARGET = 14.0;
				MTL_ENABLE_DEBUG_INFO = NO;
				MTL_FAST_MATH = YES;
				SDKROOT = iphoneos;
				SWIFT_COMPILATION_MODE = wholemodule;
				SWIFT_OPTIMIZATION_LEVEL = "-O";
				VALIDATE_PRODUCT = YES;
			};
			name = Release;
		};
		8391DD9824B376330082A4AA /* Debug */ = {
			isa = XCBuildConfiguration;
			buildSettings = {
				ASSETCATALOG_COMPILER_APPICON_NAME = AppIcon;
				ASSETCATALOG_COMPILER_GLOBAL_ACCENT_COLOR_NAME = AccentColor;
				CODE_SIGN_ENTITLEMENTS = "Blending Board/Blending Board.entitlements";
				CODE_SIGN_STYLE = Automatic;
				DEVELOPMENT_TEAM = GCVX8L34UD;
				INFOPLIST_FILE = "Blending Board/Info.plist";
				IPHONEOS_DEPLOYMENT_TARGET = 13.0;
				LD_RUNPATH_SEARCH_PATHS = (
					"$(inherited)",
					"@executable_path/Frameworks",
				);
				PRODUCT_BUNDLE_IDENTIFIER = "com.crg.Blending-Board";
				PRODUCT_NAME = "$(TARGET_NAME)";
				SUPPORTS_MACCATALYST = YES;
				SWIFT_VERSION = 5.0;
				TARGETED_DEVICE_FAMILY = "1,2";
			};
			name = Debug;
		};
		8391DD9924B376330082A4AA /* Release */ = {
			isa = XCBuildConfiguration;
			buildSettings = {
				ASSETCATALOG_COMPILER_APPICON_NAME = AppIcon;
				ASSETCATALOG_COMPILER_GLOBAL_ACCENT_COLOR_NAME = AccentColor;
				CODE_SIGN_ENTITLEMENTS = "Blending Board/Blending Board.entitlements";
				CODE_SIGN_STYLE = Automatic;
				DEVELOPMENT_TEAM = GCVX8L34UD;
				INFOPLIST_FILE = "Blending Board/Info.plist";
				IPHONEOS_DEPLOYMENT_TARGET = 13.0;
				LD_RUNPATH_SEARCH_PATHS = (
					"$(inherited)",
					"@executable_path/Frameworks",
				);
				PRODUCT_BUNDLE_IDENTIFIER = "com.crg.Blending-Board";
				PRODUCT_NAME = "$(TARGET_NAME)";
				SUPPORTS_MACCATALYST = YES;
				SWIFT_VERSION = 5.0;
				TARGETED_DEVICE_FAMILY = "1,2";
			};
			name = Release;
		};
		8391DD9B24B376330082A4AA /* Debug */ = {
			isa = XCBuildConfiguration;
			buildSettings = {
				ALWAYS_EMBED_SWIFT_STANDARD_LIBRARIES = YES;
				BUNDLE_LOADER = "$(TEST_HOST)";
				CODE_SIGN_STYLE = Automatic;
				DEVELOPMENT_TEAM = GCVX8L34UD;
				INFOPLIST_FILE = "Blending BoardTests/Info.plist";
				IPHONEOS_DEPLOYMENT_TARGET = 14.0;
				LD_RUNPATH_SEARCH_PATHS = (
					"$(inherited)",
					"@executable_path/Frameworks",
					"@loader_path/Frameworks",
				);
				PRODUCT_BUNDLE_IDENTIFIER = "com.crg.Blending-BoardTests";
				PRODUCT_NAME = "$(TARGET_NAME)";
				SWIFT_VERSION = 5.0;
				TARGETED_DEVICE_FAMILY = "1,2";
				TEST_HOST = "$(BUILT_PRODUCTS_DIR)/Blending Board.app/Blending Board";
			};
			name = Debug;
		};
		8391DD9C24B376330082A4AA /* Release */ = {
			isa = XCBuildConfiguration;
			buildSettings = {
				ALWAYS_EMBED_SWIFT_STANDARD_LIBRARIES = YES;
				BUNDLE_LOADER = "$(TEST_HOST)";
				CODE_SIGN_STYLE = Automatic;
				DEVELOPMENT_TEAM = GCVX8L34UD;
				INFOPLIST_FILE = "Blending BoardTests/Info.plist";
				IPHONEOS_DEPLOYMENT_TARGET = 14.0;
				LD_RUNPATH_SEARCH_PATHS = (
					"$(inherited)",
					"@executable_path/Frameworks",
					"@loader_path/Frameworks",
				);
				PRODUCT_BUNDLE_IDENTIFIER = "com.crg.Blending-BoardTests";
				PRODUCT_NAME = "$(TARGET_NAME)";
				SWIFT_VERSION = 5.0;
				TARGETED_DEVICE_FAMILY = "1,2";
				TEST_HOST = "$(BUILT_PRODUCTS_DIR)/Blending Board.app/Blending Board";
			};
			name = Release;
		};
		8391DD9E24B376330082A4AA /* Debug */ = {
			isa = XCBuildConfiguration;
			buildSettings = {
				ALWAYS_EMBED_SWIFT_STANDARD_LIBRARIES = YES;
				CODE_SIGN_STYLE = Automatic;
				DEVELOPMENT_TEAM = GCVX8L34UD;
				INFOPLIST_FILE = "Blending BoardUITests/Info.plist";
				LD_RUNPATH_SEARCH_PATHS = (
					"$(inherited)",
					"@executable_path/Frameworks",
					"@loader_path/Frameworks",
				);
				PRODUCT_BUNDLE_IDENTIFIER = "com.crg.Blending-BoardUITests";
				PRODUCT_NAME = "$(TARGET_NAME)";
				SWIFT_VERSION = 5.0;
				TARGETED_DEVICE_FAMILY = "1,2";
				TEST_TARGET_NAME = "Blending Board";
			};
			name = Debug;
		};
		8391DD9F24B376330082A4AA /* Release */ = {
			isa = XCBuildConfiguration;
			buildSettings = {
				ALWAYS_EMBED_SWIFT_STANDARD_LIBRARIES = YES;
				CODE_SIGN_STYLE = Automatic;
				DEVELOPMENT_TEAM = GCVX8L34UD;
				INFOPLIST_FILE = "Blending BoardUITests/Info.plist";
				LD_RUNPATH_SEARCH_PATHS = (
					"$(inherited)",
					"@executable_path/Frameworks",
					"@loader_path/Frameworks",
				);
				PRODUCT_BUNDLE_IDENTIFIER = "com.crg.Blending-BoardUITests";
				PRODUCT_NAME = "$(TARGET_NAME)";
				SWIFT_VERSION = 5.0;
				TARGETED_DEVICE_FAMILY = "1,2";
				TEST_TARGET_NAME = "Blending Board";
			};
			name = Release;
		};
/* End XCBuildConfiguration section */

/* Begin XCConfigurationList section */
		8391DD6824B376320082A4AA /* Build configuration list for PBXProject "Blending Board" */ = {
			isa = XCConfigurationList;
			buildConfigurations = (
				8391DD9524B376330082A4AA /* Debug */,
				8391DD9624B376330082A4AA /* Release */,
			);
			defaultConfigurationIsVisible = 0;
			defaultConfigurationName = Release;
		};
		8391DD9724B376330082A4AA /* Build configuration list for PBXNativeTarget "Blending Board" */ = {
			isa = XCConfigurationList;
			buildConfigurations = (
				8391DD9824B376330082A4AA /* Debug */,
				8391DD9924B376330082A4AA /* Release */,
			);
			defaultConfigurationIsVisible = 0;
			defaultConfigurationName = Release;
		};
		8391DD9A24B376330082A4AA /* Build configuration list for PBXNativeTarget "Blending BoardTests" */ = {
			isa = XCConfigurationList;
			buildConfigurations = (
				8391DD9B24B376330082A4AA /* Debug */,
				8391DD9C24B376330082A4AA /* Release */,
			);
			defaultConfigurationIsVisible = 0;
			defaultConfigurationName = Release;
		};
		8391DD9D24B376330082A4AA /* Build configuration list for PBXNativeTarget "Blending BoardUITests" */ = {
			isa = XCConfigurationList;
			buildConfigurations = (
				8391DD9E24B376330082A4AA /* Debug */,
				8391DD9F24B376330082A4AA /* Release */,
			);
			defaultConfigurationIsVisible = 0;
			defaultConfigurationName = Release;
		};
/* End XCConfigurationList section */
	};
	rootObject = 8391DD6524B376320082A4AA /* Project object */;
}
